
Microsoft Visual Studio Solution File, Format Version 12.00
# Visual Studio Version 17
VisualStudioVersion = 17.10.35122.118
MinimumVisualStudioVersion = 10.0.40219.1
Project("{FAE04EC0-301F-11D3-BF4B-00C04F79EFBC}") = "Waddabha.API", "Waddabha.API\Waddabha.API.csproj", "{DD18CE49-9023-4505-B9EC-FFFD05D01CB4}"
EndProject
Project("{FAE04EC0-301F-11D3-BF4B-00C04F79EFBC}") = "Waddabha.BL", "Waddabha.BL\Waddabha.BL.csproj", "{78D3A4D5-F139-4783-86F4-EF23224D09D5}"
EndProject
Project("{FAE04EC0-301F-11D3-BF4B-00C04F79EFBC}") = "Waddabha.DAL", "Waddabha.DAL\Waddabha.DAL.csproj", "{384FAE82-9687-47D7-BE1B-7778CC98B865}"
EndProject
Global
	GlobalSection(SolutionConfigurationPlatforms) = preSolution
		Debug|Any CPU = Debug|Any CPU
		Release|Any CPU = Release|Any CPU
	EndGlobalSection
	GlobalSection(ProjectConfigurationPlatforms) = postSolution
		{DD18CE49-9023-4505-B9EC-FFFD05D01CB4}.Debug|Any CPU.ActiveCfg = Debug|Any CPU
		{DD18CE49-9023-4505-B9EC-FFFD05D01CB4}.Debug|Any CPU.Build.0 = Debug|Any CPU
		{DD18CE49-9023-4505-B9EC-FFFD05D01CB4}.Release|Any CPU.ActiveCfg = Release|Any CPU
		{DD18CE49-9023-4505-B9EC-FFFD05D01CB4}.Release|Any CPU.Build.0 = Release|Any CPU
		{78D3A4D5-F139-4783-86F4-EF23224D09D5}.Debug|Any CPU.ActiveCfg = Debug|Any CPU
		{78D3A4D5-F139-4783-86F4-EF23224D09D5}.Debug|Any CPU.Build.0 = Debug|Any CPU
		{78D3A4D5-F139-4783-86F4-EF23224D09D5}.Release|Any CPU.ActiveCfg = Release|Any CPU
		{78D3A4D5-F139-4783-86F4-EF23224D09D5}.Release|Any CPU.Build.0 = Release|Any CPU
		{384FAE82-9687-47D7-BE1B-7778CC98B865}.Debug|Any CPU.ActiveCfg = Debug|Any CPU
		{384FAE82-9687-47D7-BE1B-7778CC98B865}.Debug|Any CPU.Build.0 = Debug|Any CPU
		{384FAE82-9687-47D7-BE1B-7778CC98B865}.Release|Any CPU.ActiveCfg = Release|Any CPU
		{384FAE82-9687-47D7-BE1B-7778CC98B865}.Release|Any CPU.Build.0 = Release|Any CPU
	EndGlobalSection
	GlobalSection(SolutionProperties) = preSolution
		HideSolutionNode = FALSE
	EndGlobalSection
	GlobalSection(ExtensibilityGlobals) = postSolution
		SolutionGuid = {180FA1E9-539C-41E9-A391-DDFE844D1814}
	EndGlobalSection
EndGlobal
